
Microsoft Visual Studio Solution File, Format Version 12.00
# Visual Studio Version 16
VisualStudioVersion = 16.0.29424.173
MinimumVisualStudioVersion = 10.0.40219.1
Project("{FAE04EC0-301F-11D3-BF4B-00C04F79EFBC}") = "lab3ex5", "lab3ex5\lab3ex5.csproj", "{5F4EBD6F-1E44-4AB9-8E04-65042A36ADC8}"
EndProject
Global
	GlobalSection(SolutionConfigurationPlatforms) = preSolution
		Debug|Any CPU = Debug|Any CPU
		Release|Any CPU = Release|Any CPU
	EndGlobalSection
	GlobalSection(ProjectConfigurationPlatforms) = postSolution
		{5F4EBD6F-1E44-4AB9-8E04-65042A36ADC8}.Debug|Any CPU.ActiveCfg = Debug|Any CPU
		{5F4EBD6F-1E44-4AB9-8E04-65042A36ADC8}.Debug|Any CPU.Build.0 = Debug|Any CPU
		{5F4EBD6F-1E44-4AB9-8E04-65042A36ADC8}.Release|Any CPU.ActiveCfg = Release|Any CPU
		{5F4EBD6F-1E44-4AB9-8E04-65042A36ADC8}.Release|Any CPU.Build.0 = Release|Any CPU
	EndGlobalSection
	GlobalSection(SolutionProperties) = preSolution
		HideSolutionNode = FALSE
	EndGlobalSection
	GlobalSection(ExtensibilityGlobals) = postSolution
		SolutionGuid = {707D2084-DC59-4A61-A4CC-838FCC9D2874}
	EndGlobalSection
EndGlobal
